<?xml version="1.0" encoding="UTF-8"?>
<Scheme
   LastUpgradeVersion = "0630"
   version = "1.3">
   <BuildAction
      parallelizeBuildables = "YES"
      buildImplicitDependencies = "YES">
      <BuildActionEntries>
         <BuildActionEntry
            buildForTesting = "YES"
            buildForRunning = "YES"
            buildForProfiling = "YES"
            buildForArchiving = "YES"
            buildForAnalyzing = "YES">
            <BuildableReference
               BuildableIdentifier = "primary"
               BlueprintIdentifier = "4E8A0FF61B51CAC20047FCCF"
               BuildableName = "iosDevCampApp WatchKit App.app"
               BlueprintName = "iosDevCampApp WatchKit App"
               ReferencedContainer = "container:iosDevCampApp.xcodeproj">
            </BuildableReference>
         </BuildActionEntry>
         <BuildActionEntry
            buildForTesting = "YES"
            buildForRunning = "YES"
            buildForProfiling = "YES"
            buildForArchiving = "YES"
            buildForAnalyzing = "YES">
            <BuildableReference
               BuildableIdentifier = "primary"
               BlueprintIdentifier = "4EECB9D71B50EB16004604F0"
               BuildableName = "iosDevCampApp.app"
               BlueprintName = "iosDevCampApp"
               ReferencedContainer = "container:iosDevCampApp.xcodeproj">
            </BuildableReference>
         </BuildActionEntry>
         <BuildActionEntry
            buildForTesting = "YES"
            buildForRunning = "YES"
            buildForProfiling = "YES"
            buildForArchiving = "YES"
            buildForAnalyzing = "YES">
            <BuildableReference
               BuildableIdentifier = "primary"
               BlueprintIdentifier = "4E8A0FE91B51CAC20047FCCF"
               BuildableName = "iosDevCampApp WatchKit Extension.appex"
               BlueprintName = "iosDevCampApp WatchKit Extension"
               ReferencedContainer = "container:iosDevCampApp.xcodeproj">
            </BuildableReference>
         </BuildActionEntry>
      </BuildActionEntries>
   </BuildAction>
   <TestAction
      selectedDebuggerIdentifier = "Xcode.DebuggerFoundation.Debugger.LLDB"
      selectedLauncherIdentifier = "Xcode.DebuggerFoundation.Launcher.LLDB"
      shouldUseLaunchSchemeArgsEnv = "YES"
      buildConfiguration = "Debug">
      <Testables>
      </Testables>
      <MacroExpansion>
         <BuildableReference
            BuildableIdentifier = "primary"
            BlueprintIdentifier = "4E8A0FF61B51CAC20047FCCF"
            BuildableName = "iosDevCampApp WatchKit App.app"
            BlueprintName = "iosDevCampApp WatchKit App"
            ReferencedContainer = "container:iosDevCampApp.xcodeproj">
         </BuildableReference>
      </MacroExpansion>
   </TestAction>
   <LaunchAction
      selectedDebuggerIdentifier = "Xcode.DebuggerFoundation.Debugger.LLDB"
      selectedLauncherIdentifier = "Xcode.DebuggerFoundation.Launcher.LLDB"
      launchStyle = "0"
      useCustomWorkingDirectory = "NO"
      buildConfiguration = "Debug"
      ignoresPersistentStateOnLaunch = "NO"
      debugDocumentVersioning = "YES"
      allowLocationSimulation = "YES">
      <RemoteRunnable
         runnableDebuggingMode = "2"
         BundleIdentifier = "com.apple.springboard"
         RemotePath = "/iosDevCampApp">
         <BuildableReference
            BuildableIdentifier = "primary"
            BlueprintIdentifier = "4E8A0FF61B51CAC20047FCCF"
            BuildableName = "iosDevCampApp WatchKit App.app"
            BlueprintName = "iosDevCampApp WatchKit App"
            ReferencedContainer = "container:iosDevCampApp.xcodeproj">
         </BuildableReference>
      </RemoteRunnable>
      <MacroExpansion>
         <BuildableReference
            BuildableIdentifier = "primary"
            BlueprintIdentifier = "4E8A0FF61B51CAC20047FCCF"
            BuildableName = "iosDevCampApp WatchKit App.app"
            BlueprintName = "iosDevCampApp WatchKit App"
            ReferencedContainer = "container:iosDevCampApp.xcodeproj">
         </BuildableReference>
      </MacroExpansion>
      <AdditionalOptions>
      </AdditionalOptions>
   </LaunchAction>
   <ProfileAction
      shouldUseLaunchSchemeArgsEnv = "YES"
      savedToolIdentifier = ""
      useCustomWorkingDirectory = "NO"
      buildConfiguration = "Release"
      debugDocumentVersioning = "YES">
      <RemoteRunnable
         runnableDebuggingMode = "2"
         BundleIdentifier = "com.apple.springboard"
         RemotePath = "/iosDevCampApp">
         <BuildableReference
            BuildableIdentifier = "primary"
            BlueprintIdentifier = "4E8A0FF61B51CAC20047FCCF"
            BuildableName = "iosDevCampApp WatchKit App.app"
            BlueprintName = "iosDevCampApp WatchKit App"
            ReferencedContainer = "container:iosDevCampApp.xcodeproj">
         </BuildableReference>
      </RemoteRunnable>
      <MacroExpansion>
         <BuildableReference
            BuildableIdentifier = "primary"
            BlueprintIdentifier = "4E8A0FF61B51CAC20047FCCF"
            BuildableName = "iosDevCampApp WatchKit App.app"
            BlueprintName = "iosDevCampApp WatchKit App"
            ReferencedContainer = "container:iosDevCampApp.xcodeproj">
         </BuildableReference>
      </MacroExpansion>
   </ProfileAction>
   <AnalyzeAction
      buildConfiguration = "Debug">
   </AnalyzeAction>
   <ArchiveAction
      buildConfiguration = "Release"
      revealArchiveInOrganizer = "YES">
   </ArchiveAction>
</Scheme>
